
Microsoft Visual Studio Solution File, Format Version 12.00
Project("{FAE04EC0-301F-11D3-BF4B-00C04F79EFBC}") = "WebApplicationZOO", "WebApplicationZOO\WebApplicationZOO.csproj", "{5B2840FA-DC5C-4398-8601-798FAF294EFB}"
EndProject
Global
	GlobalSection(SolutionConfigurationPlatforms) = preSolution
		Debug|Any CPU = Debug|Any CPU
		Release|Any CPU = Release|Any CPU
	EndGlobalSection
	GlobalSection(ProjectConfigurationPlatforms) = postSolution
		{5B2840FA-DC5C-4398-8601-798FAF294EFB}.Debug|Any CPU.ActiveCfg = Debug|Any CPU
		{5B2840FA-DC5C-4398-8601-798FAF294EFB}.Debug|Any CPU.Build.0 = Debug|Any CPU
		{5B2840FA-DC5C-4398-8601-798FAF294EFB}.Release|Any CPU.ActiveCfg = Release|Any CPU
		{5B2840FA-DC5C-4398-8601-798FAF294EFB}.Release|Any CPU.Build.0 = Release|Any CPU
	EndGlobalSection
EndGlobal
